
Microsoft Visual Studio Solution File, Format Version 12.00
# Visual Studio Version 17
VisualStudioVersion = 17.12.35527.113
MinimumVisualStudioVersion = 10.0.40219.1
Project("{FAE04EC0-301F-11D3-BF4B-00C04F79EFBC}") = "FatFullVersion", "FatFullVersion\FatFullVersion\FatFullVersion.csproj", "{09113B49-2B28-4A0B-9A7A-84A9A10BF3DF}"
EndProject
Project("{FAE04EC0-301F-11D3-BF4B-00C04F79EFBC}") = "FatFullVersion.Core", "FatFullVersion\FatFullVersion.Core\FatFullVersion.Core.csproj", "{2531F9BC-758E-42E7-AB15-AAD66719274E}"
EndProject
Project("{2150E333-8FDC-42A3-9474-1A3956D46DE8}") = "Files", "Files", "{0E442B8A-F919-4AA9-83A5-DA3FDE4B6684}"
EndProject
Project("{FAE04EC0-301F-11D3-BF4B-00C04F79EFBC}") = "ModbusTest", "ModbusTest\ModbusTest.csproj", "{382DF77B-F8E9-4786-A3B9-916D6F05ED9A}"
EndProject
Project("{FAE04EC0-301F-11D3-BF4B-00C04F79EFBC}") = "Fat_UnitTest", "Fat_UnitTest\Fat_UnitTest.csproj", "{773D1C16-491E-4C66-9BCC-8815459E3738}"
EndProject
Global
	GlobalSection(SolutionConfigurationPlatforms) = preSolution
		Debug|Any CPU = Debug|Any CPU
		Debug|x64 = Debug|x64
		Release|Any CPU = Release|Any CPU
		Release|x64 = Release|x64
	EndGlobalSection
	GlobalSection(ProjectConfigurationPlatforms) = postSolution
		{09113B49-2B28-4A0B-9A7A-84A9A10BF3DF}.Debug|Any CPU.ActiveCfg = Debug|Any CPU
		{09113B49-2B28-4A0B-9A7A-84A9A10BF3DF}.Debug|Any CPU.Build.0 = Debug|Any CPU
		{09113B49-2B28-4A0B-9A7A-84A9A10BF3DF}.Debug|x64.ActiveCfg = Debug|Any CPU
		{09113B49-2B28-4A0B-9A7A-84A9A10BF3DF}.Debug|x64.Build.0 = Debug|Any CPU
		{09113B49-2B28-4A0B-9A7A-84A9A10BF3DF}.Release|Any CPU.ActiveCfg = Release|Any CPU
		{09113B49-2B28-4A0B-9A7A-84A9A10BF3DF}.Release|Any CPU.Build.0 = Release|Any CPU
		{09113B49-2B28-4A0B-9A7A-84A9A10BF3DF}.Release|x64.ActiveCfg = Release|Any CPU
		{09113B49-2B28-4A0B-9A7A-84A9A10BF3DF}.Release|x64.Build.0 = Release|Any CPU
		{2531F9BC-758E-42E7-AB15-AAD66719274E}.Debug|Any CPU.ActiveCfg = Debug|Any CPU
		{2531F9BC-758E-42E7-AB15-AAD66719274E}.Debug|Any CPU.Build.0 = Debug|Any CPU
		{2531F9BC-758E-42E7-AB15-AAD66719274E}.Debug|x64.ActiveCfg = Debug|Any CPU
		{2531F9BC-758E-42E7-AB15-AAD66719274E}.Debug|x64.Build.0 = Debug|Any CPU
		{2531F9BC-758E-42E7-AB15-AAD66719274E}.Release|Any CPU.ActiveCfg = Release|Any CPU
		{2531F9BC-758E-42E7-AB15-AAD66719274E}.Release|Any CPU.Build.0 = Release|Any CPU
		{2531F9BC-758E-42E7-AB15-AAD66719274E}.Release|x64.ActiveCfg = Release|Any CPU
		{2531F9BC-758E-42E7-AB15-AAD66719274E}.Release|x64.Build.0 = Release|Any CPU
		{382DF77B-F8E9-4786-A3B9-916D6F05ED9A}.Debug|Any CPU.ActiveCfg = Debug|Any CPU
		{382DF77B-F8E9-4786-A3B9-916D6F05ED9A}.Debug|Any CPU.Build.0 = Debug|Any CPU
		{382DF77B-F8E9-4786-A3B9-916D6F05ED9A}.Debug|x64.ActiveCfg = Debug|Any CPU
		{382DF77B-F8E9-4786-A3B9-916D6F05ED9A}.Debug|x64.Build.0 = Debug|Any CPU
		{382DF77B-F8E9-4786-A3B9-916D6F05ED9A}.Release|Any CPU.ActiveCfg = Release|Any CPU
		{382DF77B-F8E9-4786-A3B9-916D6F05ED9A}.Release|Any CPU.Build.0 = Release|Any CPU
		{382DF77B-F8E9-4786-A3B9-916D6F05ED9A}.Release|x64.ActiveCfg = Release|Any CPU
		{382DF77B-F8E9-4786-A3B9-916D6F05ED9A}.Release|x64.Build.0 = Release|Any CPU
		{773D1C16-491E-4C66-9BCC-8815459E3738}.Debug|Any CPU.ActiveCfg = Debug|Any CPU
		{773D1C16-491E-4C66-9BCC-8815459E3738}.Debug|Any CPU.Build.0 = Debug|Any CPU
		{773D1C16-491E-4C66-9BCC-8815459E3738}.Debug|x64.ActiveCfg = Debug|Any CPU
		{773D1C16-491E-4C66-9BCC-8815459E3738}.Debug|x64.Build.0 = Debug|Any CPU
		{773D1C16-491E-4C66-9BCC-8815459E3738}.Release|Any CPU.ActiveCfg = Release|Any CPU
		{773D1C16-491E-4C66-9BCC-8815459E3738}.Release|Any CPU.Build.0 = Release|Any CPU
		{773D1C16-491E-4C66-9BCC-8815459E3738}.Release|x64.ActiveCfg = Release|Any CPU
		{773D1C16-491E-4C66-9BCC-8815459E3738}.Release|x64.Build.0 = Release|Any CPU
	EndGlobalSection
	GlobalSection(SolutionProperties) = preSolution
		HideSolutionNode = FALSE
	EndGlobalSection
EndGlobal
